// !$*UTF8*$!
{
	archiveVersion = 1;
	classes = {
	};
	objectVersion = 48;
	objects = {

/* Begin PBXBuildFile section */
		DEFB37E11FDBECBA004F61D3 /* AppDelegate.swift in Sources */ = {isa = PBXBuildFile; fileRef = DEFB37E01FDBECBA004F61D3 /* AppDelegate.swift */; };
		DEFB37E61FDBECBA004F61D3 /* Main.storyboard in Resources */ = {isa = PBXBuildFile; fileRef = DEFB37E41FDBECBA004F61D3 /* Main.storyboard */; };
		DEFB37E91FDBECBA004F61D3 /* goal_post.xcdatamodeld in Sources */ = {isa = PBXBuildFile; fileRef = DEFB37E71FDBECBA004F61D3 /* goal_post.xcdatamodeld */; };
		DEFB37EB1FDBECBA004F61D3 /* Assets.xcassets in Resources */ = {isa = PBXBuildFile; fileRef = DEFB37EA1FDBECBA004F61D3 /* Assets.xcassets */; };
		DEFB37EE1FDBECBA004F61D3 /* LaunchScreen.storyboard in Resources */ = {isa = PBXBuildFile; fileRef = DEFB37EC1FDBECBA004F61D3 /* LaunchScreen.storyboard */; };
		DEFB37FA1FDBED3E004F61D3 /* GoalVC.swift in Sources */ = {isa = PBXBuildFile; fileRef = DEFB37F91FDBED3E004F61D3 /* GoalVC.swift */; };
		DEFB37FC1FDC1197004F61D3 /* GoalCell.swift in Sources */ = {isa = PBXBuildFile; fileRef = DEFB37FB1FDC1197004F61D3 /* GoalCell.swift */; };
		DEFB37FE1FDC30A3004F61D3 /* GoalType.swift in Sources */ = {isa = PBXBuildFile; fileRef = DEFB37FD1FDC30A3004F61D3 /* GoalType.swift */; };
		DEFB38001FDC3759004F61D3 /* CreateGoalVC.swift in Sources */ = {isa = PBXBuildFile; fileRef = DEFB37FF1FDC3759004F61D3 /* CreateGoalVC.swift */; };
		DEFB38021FDC389D004F61D3 /* UIViewControllerExt.swift in Sources */ = {isa = PBXBuildFile; fileRef = DEFB38011FDC389D004F61D3 /* UIViewControllerExt.swift */; };
		DEFB38041FDC403A004F61D3 /* UIViewExt.swift in Sources */ = {isa = PBXBuildFile; fileRef = DEFB38031FDC403A004F61D3 /* UIViewExt.swift */; };
		DEFB38061FDC448D004F61D3 /* UIButtonExt.swift in Sources */ = {isa = PBXBuildFile; fileRef = DEFB38051FDC448D004F61D3 /* UIButtonExt.swift */; };
/* End PBXBuildFile section */

/* Begin PBXFileReference section */
		DEFB37DD1FDBECB9004F61D3 /* goal-post.app */ = {isa = PBXFileReference; explicitFileType = wrapper.application; includeInIndex = 0; path = "goal-post.app"; sourceTree = BUILT_PRODUCTS_DIR; };
		DEFB37E01FDBECBA004F61D3 /* AppDelegate.swift */ = {isa = PBXFileReference; lastKnownFileType = sourcecode.swift; path = AppDelegate.swift; sourceTree = "<group>"; };
		DEFB37E51FDBECBA004F61D3 /* Base */ = {isa = PBXFileReference; lastKnownFileType = file.storyboard; name = Base; path = Base.lproj/Main.storyboard; sourceTree = "<group>"; };
		DEFB37E81FDBECBA004F61D3 /* goal_post.xcdatamodel */ = {isa = PBXFileReference; lastKnownFileType = wrapper.xcdatamodel; path = goal_post.xcdatamodel; sourceTree = "<group>"; };
		DEFB37EA1FDBECBA004F61D3 /* Assets.xcassets */ = {isa = PBXFileReference; lastKnownFileType = folder.assetcatalog; path = Assets.xcassets; sourceTree = "<group>"; };
		DEFB37ED1FDBECBA004F61D3 /* Base */ = {isa = PBXFileReference; lastKnownFileType = file.storyboard; name = Base; path = Base.lproj/LaunchScreen.storyboard; sourceTree = "<group>"; };
		DEFB37EF1FDBECBA004F61D3 /* Info.plist */ = {isa = PBXFileReference; lastKnownFileType = text.plist.xml; path = Info.plist; sourceTree = "<group>"; };
		DEFB37F91FDBED3E004F61D3 /* GoalVC.swift */ = {isa = PBXFileReference; lastKnownFileType = sourcecode.swift; path = GoalVC.swift; sourceTree = "<group>"; };
		DEFB37FB1FDC1197004F61D3 /* GoalCell.swift */ = {isa = PBXFileReference; lastKnownFileType = sourcecode.swift; path = GoalCell.swift; sourceTree = "<group>"; };
		DEFB37FD1FDC30A3004F61D3 /* GoalType.swift */ = {isa = PBXFileReference; lastKnownFileType = sourcecode.swift; path = GoalType.swift; sourceTree = "<group>"; };
		DEFB37FF1FDC3759004F61D3 /* CreateGoalVC.swift */ = {isa = PBXFileReference; lastKnownFileType = sourcecode.swift; path = CreateGoalVC.swift; sourceTree = "<group>"; };
		DEFB38011FDC389D004F61D3 /* UIViewControllerExt.swift */ = {isa = PBXFileReference; lastKnownFileType = sourcecode.swift; path = UIViewControllerExt.swift; sourceTree = "<group>"; };
		DEFB38031FDC403A004F61D3 /* UIViewExt.swift */ = {isa = PBXFileReference; lastKnownFileType = sourcecode.swift; path = UIViewExt.swift; sourceTree = "<group>"; };
		DEFB38051FDC448D004F61D3 /* UIButtonExt.swift */ = {isa = PBXFileReference; lastKnownFileType = sourcecode.swift; path = UIButtonExt.swift; sourceTree = "<group>"; };
/* End PBXFileReference section */

/* Begin PBXFrameworksBuildPhase section */
		DEFB37DA1FDBECB9004F61D3 /* Frameworks */ = {
			isa = PBXFrameworksBuildPhase;
			buildActionMask = 2147483647;
			files = (
			);
			runOnlyForDeploymentPostprocessing = 0;
		};
/* End PBXFrameworksBuildPhase section */

/* Begin PBXGroup section */
		DEFB37D41FDBECB9004F61D3 = {
			isa = PBXGroup;
			children = (
				DEFB37DF1FDBECB9004F61D3 /* goal-post */,
				DEFB37DE1FDBECB9004F61D3 /* Products */,
			);
			sourceTree = "<group>";
		};
		DEFB37DE1FDBECB9004F61D3 /* Products */ = {
			isa = PBXGroup;
			children = (
				DEFB37DD1FDBECB9004F61D3 /* goal-post.app */,
			);
			name = Products;
			sourceTree = "<group>";
		};
		DEFB37DF1FDBECB9004F61D3 /* goal-post */ = {
			isa = PBXGroup;
			children = (
				DEFB37F71FDBECE2004F61D3 /* Extensions */,
				DEFB37F81FDBECE8004F61D3 /* Enums */,
				DEFB37F61FDBECDC004F61D3 /* View */,
				DEFB37F51FDBECD3004F61D3 /* Controller */,
				DEFB37E01FDBECBA004F61D3 /* AppDelegate.swift */,
				DEFB37E41FDBECBA004F61D3 /* Main.storyboard */,
				DEFB37EA1FDBECBA004F61D3 /* Assets.xcassets */,
				DEFB37EC1FDBECBA004F61D3 /* LaunchScreen.storyboard */,
				DEFB37EF1FDBECBA004F61D3 /* Info.plist */,
				DEFB37E71FDBECBA004F61D3 /* goal_post.xcdatamodeld */,
			);
			path = "goal-post";
			sourceTree = "<group>";
		};
		DEFB37F51FDBECD3004F61D3 /* Controller */ = {
			isa = PBXGroup;
			children = (
				DEFB37F91FDBED3E004F61D3 /* GoalVC.swift */,
				DEFB37FF1FDC3759004F61D3 /* CreateGoalVC.swift */,
			);
			path = Controller;
			sourceTree = "<group>";
		};
		DEFB37F61FDBECDC004F61D3 /* View */ = {
			isa = PBXGroup;
			children = (
				DEFB37FB1FDC1197004F61D3 /* GoalCell.swift */,
			);
			path = View;
			sourceTree = "<group>";
		};
		DEFB37F71FDBECE2004F61D3 /* Extensions */ = {
			isa = PBXGroup;
			children = (
				DEFB38011FDC389D004F61D3 /* UIViewControllerExt.swift */,
				DEFB38031FDC403A004F61D3 /* UIViewExt.swift */,
				DEFB38051FDC448D004F61D3 /* UIButtonExt.swift */,
			);
			path = Extensions;
			sourceTree = "<group>";
		};
		DEFB37F81FDBECE8004F61D3 /* Enums */ = {
			isa = PBXGroup;
			children = (
				DEFB37FD1FDC30A3004F61D3 /* GoalType.swift */,
			);
			path = Enums;
			sourceTree = "<group>";
		};
/* End PBXGroup section */

/* Begin PBXNativeTarget section */
		DEFB37DC1FDBECB9004F61D3 /* goal-post */ = {
			isa = PBXNativeTarget;
			buildConfigurationList = DEFB37F21FDBECBA004F61D3 /* Build configuration list for PBXNativeTarget "goal-post" */;
			buildPhases = (
				DEFB37D91FDBECB9004F61D3 /* Sources */,
				DEFB37DA1FDBECB9004F61D3 /* Frameworks */,
				DEFB37DB1FDBECB9004F61D3 /* Resources */,
			);
			buildRules = (
			);
			dependencies = (
			);
			name = "goal-post";
			productName = "goal-post";
			productReference = DEFB37DD1FDBECB9004F61D3 /* goal-post.app */;
			productType = "com.apple.product-type.application";
		};
/* End PBXNativeTarget section */

/* Begin PBXProject section */
		DEFB37D51FDBECB9004F61D3 /* Project object */ = {
			isa = PBXProject;
			attributes = {
				LastSwiftUpdateCheck = 0910;
				LastUpgradeCheck = 0910;
				ORGANIZATIONNAME = "Le Dang Dai Duong";
				TargetAttributes = {
					DEFB37DC1FDBECB9004F61D3 = {
						CreatedOnToolsVersion = 9.1;
						ProvisioningStyle = Automatic;
					};
				};
			};
			buildConfigurationList = DEFB37D81FDBECB9004F61D3 /* Build configuration list for PBXProject "goal-post" */;
			compatibilityVersion = "Xcode 8.0";
			developmentRegion = en;
			hasScannedForEncodings = 0;
			knownRegions = (
				en,
				Base,
			);
			mainGroup = DEFB37D41FDBECB9004F61D3;
			productRefGroup = DEFB37DE1FDBECB9004F61D3 /* Products */;
			projectDirPath = "";
			projectRoot = "";
			targets = (
				DEFB37DC1FDBECB9004F61D3 /* goal-post */,
			);
		};
/* End PBXProject section */

/* Begin PBXResourcesBuildPhase section */
		DEFB37DB1FDBECB9004F61D3 /* Resources */ = {
			isa = PBXResourcesBuildPhase;
			buildActionMask = 2147483647;
			files = (
				DEFB37EE1FDBECBA004F61D3 /* LaunchScreen.storyboard in Resources */,
				DEFB37EB1FDBECBA004F61D3 /* Assets.xcassets in Resources */,
				DEFB37E61FDBECBA004F61D3 /* Main.storyboard in Resources */,
			);
			runOnlyForDeploymentPostprocessing = 0;
		};
/* End PBXResourcesBuildPhase section */

/* Begin PBXSourcesBuildPhase section */
		DEFB37D91FDBECB9004F61D3 /* Sources */ = {
			isa = PBXSourcesBuildPhase;
			buildActionMask = 2147483647;
			files = (
				DEFB37FC1FDC1197004F61D3 /* GoalCell.swift in Sources */,
				DEFB38001FDC3759004F61D3 /* CreateGoalVC.swift in Sources */,
				DEFB37FE1FDC30A3004F61D3 /* GoalType.swift in Sources */,
				DEFB37E11FDBECBA004F61D3 /* AppDelegate.swift in Sources */,
				DEFB38041FDC403A004F61D3 /* UIViewExt.swift in Sources */,
				DEFB37FA1FDBED3E004F61D3 /* GoalVC.swift in Sources */,
				DEFB38021FDC389D004F61D3 /* UIViewControllerExt.swift in Sources */,
				DEFB38061FDC448D004F61D3 /* UIButtonExt.swift in Sources */,
				DEFB37E91FDBECBA004F61D3 /* goal_post.xcdatamodeld in Sources */,
			);
			runOnlyForDeploymentPostprocessing = 0;
		};
/* End PBXSourcesBuildPhase section */

/* Begin PBXVariantGroup section */
		DEFB37E41FDBECBA004F61D3 /* Main.storyboard */ = {
			isa = PBXVariantGroup;
			children = (
				DEFB37E51FDBECBA004F61D3 /* Base */,
			);
			name = Main.storyboard;
			sourceTree = "<group>";
		};
		DEFB37EC1FDBECBA004F61D3 /* LaunchScreen.storyboard */ = {
			isa = PBXVariantGroup;
			children = (
				DEFB37ED1FDBECBA004F61D3 /* Base */,
			);
			name = LaunchScreen.storyboard;
			sourceTree = "<group>";
		};
/* End PBXVariantGroup section */

/* Begin XCBuildConfiguration section */
		DEFB37F01FDBECBA004F61D3 /* Debug */ = {
			isa = XCBuildConfiguration;
			buildSettings = {
				ALWAYS_SEARCH_USER_PATHS = NO;
				CLANG_ANALYZER_NONNULL = YES;
				CLANG_ANALYZER_NUMBER_OBJECT_CONVERSION = YES_AGGRESSIVE;
				CLANG_CXX_LANGUAGE_STANDARD = "gnu++14";
				CLANG_CXX_LIBRARY = "libc++";
				CLANG_ENABLE_MODULES = YES;
				CLANG_ENABLE_OBJC_ARC = YES;
				CLANG_WARN_BLOCK_CAPTURE_AUTORELEASING = YES;
				CLANG_WARN_BOOL_CONVERSION = YES;
				CLANG_WARN_COMMA = YES;
				CLANG_WARN_CONSTANT_CONVERSION = YES;
				CLANG_WARN_DIRECT_OBJC_ISA_USAGE = YES_ERROR;
				CLANG_WARN_DOCUMENTATION_COMMENTS = YES;
				CLANG_WARN_EMPTY_BODY = YES;
				CLANG_WARN_ENUM_CONVERSION = YES;
				CLANG_WARN_INFINITE_RECURSION = YES;
				CLANG_WARN_INT_CONVERSION = YES;
				CLANG_WARN_NON_LITERAL_NULL_CONVERSION = YES;
				CLANG_WARN_OBJC_LITERAL_CONVERSION = YES;
				CLANG_WARN_OBJC_ROOT_CLASS = YES_ERROR;
				CLANG_WARN_RANGE_LOOP_ANALYSIS = YES;
				CLANG_WARN_STRICT_PROTOTYPES = YES;
				CLANG_WARN_SUSPICIOUS_MOVE = YES;
				CLANG_WARN_UNGUARDED_AVAILABILITY = YES_AGGRESSIVE;
				CLANG_WARN_UNREACHABLE_CODE = YES;
				CLANG_WARN__DUPLICATE_METHOD_MATCH = YES;
				CODE_SIGN_IDENTITY = "iPhone Developer";
				COPY_PHASE_STRIP = NO;
				DEBUG_INFORMATION_FORMAT = dwarf;
				ENABLE_STRICT_OBJC_MSGSEND = YES;
				ENABLE_TESTABILITY = YES;
				GCC_C_LANGUAGE_STANDARD = gnu11;
				GCC_DYNAMIC_NO_PIC = NO;
				GCC_NO_COMMON_BLOCKS = YES;
				GCC_OPTIMIZATION_LEVEL = 0;
				GCC_PREPROCESSOR_DEFINITIONS = (
					"DEBUG=1",
					"$(inherited)",
				);
				GCC_WARN_64_TO_32_BIT_CONVERSION = YES;
				GCC_WARN_ABOUT_RETURN_TYPE = YES_ERROR;
				GCC_WARN_UNDECLARED_SELECTOR = YES;
				GCC_WARN_UNINITIALIZED_AUTOS = YES_AGGRESSIVE;
				GCC_WARN_UNUSED_FUNCTION = YES;
				GCC_WARN_UNUSED_VARIABLE = YES;
				IPHONEOS_DEPLOYMENT_TARGET = 11.1;
				MTL_ENABLE_DEBUG_INFO = YES;
				ONLY_ACTIVE_ARCH = YES;
				SDKROOT = iphoneos;
				SWIFT_ACTIVE_COMPILATION_CONDITIONS = DEBUG;
				SWIFT_OPTIMIZATION_LEVEL = "-Onone";
			};
			name = Debug;
		};
		DEFB37F11FDBECBA004F61D3 /* Release */ = {
			isa = XCBuildConfiguration;
			buildSettings = {
				ALWAYS_SEARCH_USER_PATHS = NO;
				CLANG_ANALYZER_NONNULL = YES;
				CLANG_ANALYZER_NUMBER_OBJECT_CONVERSION = YES_AGGRESSIVE;
				CLANG_CXX_LANGUAGE_STANDARD = "gnu++14";
				CLANG_CXX_LIBRARY = "libc++";
				CLANG_ENABLE_MODULES = YES;
				CLANG_ENABLE_OBJC_ARC = YES;
				CLANG_WARN_BLOCK_CAPTURE_AUTORELEASING = YES;
				CLANG_WARN_BOOL_CONVERSION = YES;
				CLANG_WARN_COMMA = YES;
				CLANG_WARN_CONSTANT_CONVERSION = YES;
				CLANG_WARN_DIRECT_OBJC_ISA_USAGE = YES_ERROR;
				CLANG_WARN_DOCUMENTATION_COMMENTS = YES;
				CLANG_WARN_EMPTY_BODY = YES;
				CLANG_WARN_ENUM_CONVERSION = YES;
				CLANG_WARN_INFINITE_RECURSION = YES;
				CLANG_WARN_INT_CONVERSION = YES;
				CLANG_WARN_NON_LITERAL_NULL_CONVERSION = YES;
				CLANG_WARN_OBJC_LITERAL_CONVERSION = YES;
				CLANG_WARN_OBJC_ROOT_CLASS = YES_ERROR;
				CLANG_WARN_RANGE_LOOP_ANALYSIS = YES;
				CLANG_WARN_STRICT_PROTOTYPES = YES;
				CLANG_WARN_SUSPICIOUS_MOVE = YES;
				CLANG_WARN_UNGUARDED_AVAILABILITY = YES_AGGRESSIVE;
				CLANG_WARN_UNREACHABLE_CODE = YES;
				CLANG_WARN__DUPLICATE_METHOD_MATCH = YES;
				CODE_SIGN_IDENTITY = "iPhone Developer";
				COPY_PHASE_STRIP = NO;
				DEBUG_INFORMATION_FORMAT = "dwarf-with-dsym";
				ENABLE_NS_ASSERTIONS = NO;
				ENABLE_STRICT_OBJC_MSGSEND = YES;
				GCC_C_LANGUAGE_STANDARD = gnu11;
				GCC_NO_COMMON_BLOCKS = YES;
				GCC_WARN_64_TO_32_BIT_CONVERSION = YES;
				GCC_WARN_ABOUT_RETURN_TYPE = YES_ERROR;
				GCC_WARN_UNDECLARED_SELECTOR = YES;
				GCC_WARN_UNINITIALIZED_AUTOS = YES_AGGRESSIVE;
				GCC_WARN_UNUSED_FUNCTION = YES;
				GCC_WARN_UNUSED_VARIABLE = YES;
				IPHONEOS_DEPLOYMENT_TARGET = 11.1;
				MTL_ENABLE_DEBUG_INFO = NO;
				SDKROOT = iphoneos;
				SWIFT_OPTIMIZATION_LEVEL = "-Owholemodule";
				VALIDATE_PRODUCT = YES;
			};
			name = Release;
		};
		DEFB37F31FDBECBA004F61D3 /* Debug */ = {
			isa = XCBuildConfiguration;
			buildSettings = {
				ASSETCATALOG_COMPILER_APPICON_NAME = AppIcon;
				CODE_SIGN_STYLE = Automatic;
				INFOPLIST_FILE = "goal-post/Info.plist";
				LD_RUNPATH_SEARCH_PATHS = "$(inherited) @executable_path/Frameworks";
				PRODUCT_BUNDLE_IDENTIFIER = "com.goal-post";
				PRODUCT_NAME = "$(TARGET_NAME)";
				SWIFT_VERSION = 4.0;
				TARGETED_DEVICE_FAMILY = "1,2";
			};
			name = Debug;
		};
		DEFB37F41FDBECBA004F61D3 /* Release */ = {
			isa = XCBuildConfiguration;
			buildSettings = {
				ASSETCATALOG_COMPILER_APPICON_NAME = AppIcon;
				CODE_SIGN_STYLE = Automatic;
				INFOPLIST_FILE = "goal-post/Info.plist";
				LD_RUNPATH_SEARCH_PATHS = "$(inherited) @executable_path/Frameworks";
				PRODUCT_BUNDLE_IDENTIFIER = "com.goal-post";
				PRODUCT_NAME = "$(TARGET_NAME)";
				SWIFT_VERSION = 4.0;
				TARGETED_DEVICE_FAMILY = "1,2";
			};
			name = Release;
		};
/* End XCBuildConfiguration section */

/* Begin XCConfigurationList section */
		DEFB37D81FDBECB9004F61D3 /* Build configuration list for PBXProject "goal-post" */ = {
			isa = XCConfigurationList;
			buildConfigurations = (
				DEFB37F01FDBECBA004F61D3 /* Debug */,
				DEFB37F11FDBECBA004F61D3 /* Release */,
			);
			defaultConfigurationIsVisible = 0;
			defaultConfigurationName = Release;
		};
		DEFB37F21FDBECBA004F61D3 /* Build configuration list for PBXNativeTarget "goal-post" */ = {
			isa = XCConfigurationList;
			buildConfigurations = (
				DEFB37F31FDBECBA004F61D3 /* Debug */,
				DEFB37F41FDBECBA004F61D3 /* Release */,
			);
			defaultConfigurationIsVisible = 0;
			defaultConfigurationName = Release;
		};
/* End XCConfigurationList section */

/* Begin XCVersionGroup section */
		DEFB37E71FDBECBA004F61D3 /* goal_post.xcdatamodeld */ = {
			isa = XCVersionGroup;
			children = (
				DEFB37E81FDBECBA004F61D3 /* goal_post.xcdatamodel */,
			);
			currentVersion = DEFB37E81FDBECBA004F61D3 /* goal_post.xcdatamodel */;
			path = goal_post.xcdatamodeld;
			sourceTree = "<group>";
			versionGroupType = wrapper.xcdatamodel;
		};
/* End XCVersionGroup section */
	};
	rootObject = DEFB37D51FDBECB9004F61D3 /* Project object */;
}
